
Microsoft Visual Studio Solution File, Format Version 12.00
# Visual Studio Version 17
VisualStudioVersion = 17.4.33213.308
MinimumVisualStudioVersion = 10.0.40219.1
Project("{9A19103F-16F7-4668-BE54-9A1E7A4F7556}") = "Session-10", "Session-10\Session-10.csproj", "{0CC84B6B-E02D-460C-9818-8BE0F8E5908F}"
EndProject
Project("{FAE04EC0-301F-11D3-BF4B-00C04F79EFBC}") = "ClassLibrary1", "ClassLibrary1\ClassLibrary1.csproj", "{18D86A11-CB97-4ADD-80CD-58EE2CB56CDF}"
EndProject
Global
	GlobalSection(SolutionConfigurationPlatforms) = preSolution
		Debug|Any CPU = Debug|Any CPU
		Release|Any CPU = Release|Any CPU
	EndGlobalSection
	GlobalSection(ProjectConfigurationPlatforms) = postSolution
		{0CC84B6B-E02D-460C-9818-8BE0F8E5908F}.Debug|Any CPU.ActiveCfg = Debug|Any CPU
		{0CC84B6B-E02D-460C-9818-8BE0F8E5908F}.Debug|Any CPU.Build.0 = Debug|Any CPU
		{0CC84B6B-E02D-460C-9818-8BE0F8E5908F}.Release|Any CPU.ActiveCfg = Release|Any CPU
		{0CC84B6B-E02D-460C-9818-8BE0F8E5908F}.Release|Any CPU.Build.0 = Release|Any CPU
		{18D86A11-CB97-4ADD-80CD-58EE2CB56CDF}.Debug|Any CPU.ActiveCfg = Debug|Any CPU
		{18D86A11-CB97-4ADD-80CD-58EE2CB56CDF}.Debug|Any CPU.Build.0 = Debug|Any CPU
		{18D86A11-CB97-4ADD-80CD-58EE2CB56CDF}.Release|Any CPU.ActiveCfg = Release|Any CPU
		{18D86A11-CB97-4ADD-80CD-58EE2CB56CDF}.Release|Any CPU.Build.0 = Release|Any CPU
	EndGlobalSection
	GlobalSection(SolutionProperties) = preSolution
		HideSolutionNode = FALSE
	EndGlobalSection
	GlobalSection(ExtensibilityGlobals) = postSolution
		SolutionGuid = {10C1D8C3-A635-41A9-9FBA-25FCFBC540DD}
	EndGlobalSection
EndGlobal
