
Microsoft Visual Studio Solution File, Format Version 12.00
# Visual Studio Version 17
VisualStudioVersion = 17.4.33213.308
MinimumVisualStudioVersion = 10.0.40219.1
Project("{9A19103F-16F7-4668-BE54-9A1E7A4F7556}") = "Session-05", "Session-05\Session-05.csproj", "{0CEA9EDB-BF69-41AD-B7AE-82606E36F49A}"
EndProject
Global
	GlobalSection(SolutionConfigurationPlatforms) = preSolution
		Debug|Any CPU = Debug|Any CPU
		Release|Any CPU = Release|Any CPU
	EndGlobalSection
	GlobalSection(ProjectConfigurationPlatforms) = postSolution
		{0CEA9EDB-BF69-41AD-B7AE-82606E36F49A}.Debug|Any CPU.ActiveCfg = Debug|Any CPU
		{0CEA9EDB-BF69-41AD-B7AE-82606E36F49A}.Debug|Any CPU.Build.0 = Debug|Any CPU
		{0CEA9EDB-BF69-41AD-B7AE-82606E36F49A}.Release|Any CPU.ActiveCfg = Release|Any CPU
		{0CEA9EDB-BF69-41AD-B7AE-82606E36F49A}.Release|Any CPU.Build.0 = Release|Any CPU
	EndGlobalSection
	GlobalSection(SolutionProperties) = preSolution
		HideSolutionNode = FALSE
	EndGlobalSection
	GlobalSection(ExtensibilityGlobals) = postSolution
		SolutionGuid = {413445B7-FD99-49E7-9BD0-C57BC8493D53}
	EndGlobalSection
EndGlobal
