
Microsoft Visual Studio Solution File, Format Version 12.00
# Visual Studio Version 17
VisualStudioVersion = 17.4.33213.308
MinimumVisualStudioVersion = 10.0.40219.1
Project("{9A19103F-16F7-4668-BE54-9A1E7A4F7556}") = "Session-11", "Session-11\Session-11.csproj", "{FC5C770F-0EAA-40EE-8C44-202B5BD69247}"
EndProject
Project("{9A19103F-16F7-4668-BE54-9A1E7A4F7556}") = "ClassLibrary1", "ClassLibrary1\ClassLibrary1.csproj", "{26C18FE1-1183-4DF4-960D-F87EBC976B56}"
EndProject
Project("{2150E333-8FDC-42A3-9474-1A3956D46DE8}") = "Solution Items", "Solution Items", "{71E27C17-4F0B-4D58-9F8A-872EBAACACE0}"
	ProjectSection(SolutionItems) = preProject
		.editorconfig = .editorconfig
		User.cs = User.cs
	EndProjectSection
EndProject
Global
	GlobalSection(SolutionConfigurationPlatforms) = preSolution
		Debug|Any CPU = Debug|Any CPU
		Release|Any CPU = Release|Any CPU
	EndGlobalSection
	GlobalSection(ProjectConfigurationPlatforms) = postSolution
		{FC5C770F-0EAA-40EE-8C44-202B5BD69247}.Debug|Any CPU.ActiveCfg = Debug|Any CPU
		{FC5C770F-0EAA-40EE-8C44-202B5BD69247}.Debug|Any CPU.Build.0 = Debug|Any CPU
		{FC5C770F-0EAA-40EE-8C44-202B5BD69247}.Release|Any CPU.ActiveCfg = Release|Any CPU
		{FC5C770F-0EAA-40EE-8C44-202B5BD69247}.Release|Any CPU.Build.0 = Release|Any CPU
		{26C18FE1-1183-4DF4-960D-F87EBC976B56}.Debug|Any CPU.ActiveCfg = Debug|Any CPU
		{26C18FE1-1183-4DF4-960D-F87EBC976B56}.Debug|Any CPU.Build.0 = Debug|Any CPU
		{26C18FE1-1183-4DF4-960D-F87EBC976B56}.Release|Any CPU.ActiveCfg = Release|Any CPU
		{26C18FE1-1183-4DF4-960D-F87EBC976B56}.Release|Any CPU.Build.0 = Release|Any CPU
	EndGlobalSection
	GlobalSection(SolutionProperties) = preSolution
		HideSolutionNode = FALSE
	EndGlobalSection
	GlobalSection(ExtensibilityGlobals) = postSolution
		SolutionGuid = {D5E4E03E-5676-4B1B-8AC1-27C28E4C0756}
	EndGlobalSection
EndGlobal
