
Microsoft Visual Studio Solution File, Format Version 12.00
# Visual Studio Version 17
VisualStudioVersion = 17.4.33213.308
MinimumVisualStudioVersion = 10.0.40219.1
Project("{9A19103F-16F7-4668-BE54-9A1E7A4F7556}") = "PetShop.Model", "PetShop.Model\PetShop.Model.csproj", "{559785AD-3945-413C-9987-2DD991D864AD}"
EndProject
Project("{9A19103F-16F7-4668-BE54-9A1E7A4F7556}") = "PetShop.EF", "PetShop.EF\PetShop.EF.csproj", "{E42060DE-F138-4661-B222-95DE1750A19F}"
EndProject
Project("{FAE04EC0-301F-11D3-BF4B-00C04F79EFBC}") = "Petshop.Web", "Petshop.Web\Petshop.Web.csproj", "{8A84015E-216B-4480-B7A2-AEA90BADFF49}"
EndProject
Global
	GlobalSection(SolutionConfigurationPlatforms) = preSolution
		Debug|Any CPU = Debug|Any CPU
		Release|Any CPU = Release|Any CPU
	EndGlobalSection
	GlobalSection(ProjectConfigurationPlatforms) = postSolution
		{559785AD-3945-413C-9987-2DD991D864AD}.Debug|Any CPU.ActiveCfg = Debug|Any CPU
		{559785AD-3945-413C-9987-2DD991D864AD}.Debug|Any CPU.Build.0 = Debug|Any CPU
		{559785AD-3945-413C-9987-2DD991D864AD}.Release|Any CPU.ActiveCfg = Release|Any CPU
		{559785AD-3945-413C-9987-2DD991D864AD}.Release|Any CPU.Build.0 = Release|Any CPU
		{E42060DE-F138-4661-B222-95DE1750A19F}.Debug|Any CPU.ActiveCfg = Debug|Any CPU
		{E42060DE-F138-4661-B222-95DE1750A19F}.Debug|Any CPU.Build.0 = Debug|Any CPU
		{E42060DE-F138-4661-B222-95DE1750A19F}.Release|Any CPU.ActiveCfg = Release|Any CPU
		{E42060DE-F138-4661-B222-95DE1750A19F}.Release|Any CPU.Build.0 = Release|Any CPU
		{8A84015E-216B-4480-B7A2-AEA90BADFF49}.Debug|Any CPU.ActiveCfg = Debug|Any CPU
		{8A84015E-216B-4480-B7A2-AEA90BADFF49}.Debug|Any CPU.Build.0 = Debug|Any CPU
		{8A84015E-216B-4480-B7A2-AEA90BADFF49}.Release|Any CPU.ActiveCfg = Release|Any CPU
		{8A84015E-216B-4480-B7A2-AEA90BADFF49}.Release|Any CPU.Build.0 = Release|Any CPU
	EndGlobalSection
	GlobalSection(SolutionProperties) = preSolution
		HideSolutionNode = FALSE
	EndGlobalSection
	GlobalSection(ExtensibilityGlobals) = postSolution
		SolutionGuid = {18275917-2B96-4090-B0BB-2CE71CF29211}
	EndGlobalSection
EndGlobal
