
Microsoft Visual Studio Solution File, Format Version 12.00
# Visual Studio Version 17
VisualStudioVersion = 17.4.33213.308
MinimumVisualStudioVersion = 10.0.40219.1
Project("{FAE04EC0-301F-11D3-BF4B-00C04F79EFBC}") = "Session-06", "Session-06\Session-06.csproj", "{FD39E337-94DC-404A-AA02-33525B9AB2F7}"
EndProject
Global
	GlobalSection(SolutionConfigurationPlatforms) = preSolution
		Debug|Any CPU = Debug|Any CPU
		Release|Any CPU = Release|Any CPU
	EndGlobalSection
	GlobalSection(ProjectConfigurationPlatforms) = postSolution
		{FD39E337-94DC-404A-AA02-33525B9AB2F7}.Debug|Any CPU.ActiveCfg = Debug|Any CPU
		{FD39E337-94DC-404A-AA02-33525B9AB2F7}.Debug|Any CPU.Build.0 = Debug|Any CPU
		{FD39E337-94DC-404A-AA02-33525B9AB2F7}.Release|Any CPU.ActiveCfg = Release|Any CPU
		{FD39E337-94DC-404A-AA02-33525B9AB2F7}.Release|Any CPU.Build.0 = Release|Any CPU
	EndGlobalSection
	GlobalSection(SolutionProperties) = preSolution
		HideSolutionNode = FALSE
	EndGlobalSection
	GlobalSection(ExtensibilityGlobals) = postSolution
		SolutionGuid = {55CA8E52-E126-4E4E-BBF1-D988314ABD3D}
	EndGlobalSection
EndGlobal
