
Microsoft Visual Studio Solution File, Format Version 12.00
# Visual Studio Version 17
VisualStudioVersion = 17.4.33403.182
MinimumVisualStudioVersion = 10.0.40219.1
Project("{FAE04EC0-301F-11D3-BF4B-00C04F79EFBC}") = "Session-30", "Session-30\Session-30.csproj", "{FC78115E-F3D6-4429-AF16-839AE5F0B61E}"
EndProject
Project("{FAE04EC0-301F-11D3-BF4B-00C04F79EFBC}") = "Session30.Models", "Session30.Models\Session30.Models.csproj", "{1F8E9C2F-9413-4F68-8B9B-E82DA1379C3C}"
EndProject
Project("{FAE04EC0-301F-11D3-BF4B-00C04F79EFBC}") = "Session30.EF", "Session30.EF\Session30.EF.csproj", "{2E3A5E74-74C8-4261-AD35-2FBF64CA93B6}"
EndProject
Global
	GlobalSection(SolutionConfigurationPlatforms) = preSolution
		Debug|Any CPU = Debug|Any CPU
		Release|Any CPU = Release|Any CPU
	EndGlobalSection
	GlobalSection(ProjectConfigurationPlatforms) = postSolution
		{FC78115E-F3D6-4429-AF16-839AE5F0B61E}.Debug|Any CPU.ActiveCfg = Debug|Any CPU
		{FC78115E-F3D6-4429-AF16-839AE5F0B61E}.Debug|Any CPU.Build.0 = Debug|Any CPU
		{FC78115E-F3D6-4429-AF16-839AE5F0B61E}.Release|Any CPU.ActiveCfg = Release|Any CPU
		{FC78115E-F3D6-4429-AF16-839AE5F0B61E}.Release|Any CPU.Build.0 = Release|Any CPU
		{1F8E9C2F-9413-4F68-8B9B-E82DA1379C3C}.Debug|Any CPU.ActiveCfg = Debug|Any CPU
		{1F8E9C2F-9413-4F68-8B9B-E82DA1379C3C}.Debug|Any CPU.Build.0 = Debug|Any CPU
		{1F8E9C2F-9413-4F68-8B9B-E82DA1379C3C}.Release|Any CPU.ActiveCfg = Release|Any CPU
		{1F8E9C2F-9413-4F68-8B9B-E82DA1379C3C}.Release|Any CPU.Build.0 = Release|Any CPU
		{2E3A5E74-74C8-4261-AD35-2FBF64CA93B6}.Debug|Any CPU.ActiveCfg = Debug|Any CPU
		{2E3A5E74-74C8-4261-AD35-2FBF64CA93B6}.Debug|Any CPU.Build.0 = Debug|Any CPU
		{2E3A5E74-74C8-4261-AD35-2FBF64CA93B6}.Release|Any CPU.ActiveCfg = Release|Any CPU
		{2E3A5E74-74C8-4261-AD35-2FBF64CA93B6}.Release|Any CPU.Build.0 = Release|Any CPU
	EndGlobalSection
	GlobalSection(SolutionProperties) = preSolution
		HideSolutionNode = FALSE
	EndGlobalSection
	GlobalSection(ExtensibilityGlobals) = postSolution
		SolutionGuid = {C24DE8A2-7DE2-4511-BBAD-E51321443FD5}
	EndGlobalSection
EndGlobal
