
Microsoft Visual Studio Solution File, Format Version 12.00
# Visual Studio Version 17
VisualStudioVersion = 17.4.33205.214
MinimumVisualStudioVersion = 10.0.40219.1
Project("{FAE04EC0-301F-11D3-BF4B-00C04F79EFBC}") = "Session-03", "Session-03\Session-03.csproj", "{BEB079F5-B048-4937-82AA-DDAA08FF95BE}"
EndProject
Global
	GlobalSection(SolutionConfigurationPlatforms) = preSolution
		Debug|Any CPU = Debug|Any CPU
		Release|Any CPU = Release|Any CPU
	EndGlobalSection
	GlobalSection(ProjectConfigurationPlatforms) = postSolution
		{BEB079F5-B048-4937-82AA-DDAA08FF95BE}.Debug|Any CPU.ActiveCfg = Debug|Any CPU
		{BEB079F5-B048-4937-82AA-DDAA08FF95BE}.Debug|Any CPU.Build.0 = Debug|Any CPU
		{BEB079F5-B048-4937-82AA-DDAA08FF95BE}.Release|Any CPU.ActiveCfg = Release|Any CPU
		{BEB079F5-B048-4937-82AA-DDAA08FF95BE}.Release|Any CPU.Build.0 = Release|Any CPU
	EndGlobalSection
	GlobalSection(SolutionProperties) = preSolution
		HideSolutionNode = FALSE
	EndGlobalSection
	GlobalSection(ExtensibilityGlobals) = postSolution
		SolutionGuid = {AAA8E8CF-FB3E-4651-B8AC-6D38AC86E8F2}
	EndGlobalSection
EndGlobal
