
Microsoft Visual Studio Solution File, Format Version 12.00
# Visual Studio Version 17
VisualStudioVersion = 17.4.33213.308
MinimumVisualStudioVersion = 10.0.40219.1
Project("{FAE04EC0-301F-11D3-BF4B-00C04F79EFBC}") = "Session-09", "Session-09\Session-09.csproj", "{3C58C515-1377-4DE0-B197-5C0B4CF42ECB}"
EndProject
Global
	GlobalSection(SolutionConfigurationPlatforms) = preSolution
		Debug|Any CPU = Debug|Any CPU
		Release|Any CPU = Release|Any CPU
	EndGlobalSection
	GlobalSection(ProjectConfigurationPlatforms) = postSolution
		{3C58C515-1377-4DE0-B197-5C0B4CF42ECB}.Debug|Any CPU.ActiveCfg = Debug|Any CPU
		{3C58C515-1377-4DE0-B197-5C0B4CF42ECB}.Debug|Any CPU.Build.0 = Debug|Any CPU
		{3C58C515-1377-4DE0-B197-5C0B4CF42ECB}.Release|Any CPU.ActiveCfg = Release|Any CPU
		{3C58C515-1377-4DE0-B197-5C0B4CF42ECB}.Release|Any CPU.Build.0 = Release|Any CPU
	EndGlobalSection
	GlobalSection(SolutionProperties) = preSolution
		HideSolutionNode = FALSE
	EndGlobalSection
	GlobalSection(ExtensibilityGlobals) = postSolution
		SolutionGuid = {5978826F-5CA9-4FB0-96A3-E61BBE666225}
	EndGlobalSection
EndGlobal
